
Microsoft Visual Studio Solution File, Format Version 12.00
# Visual Studio Version 17
VisualStudioVersion = 17.6.33712.159
MinimumVisualStudioVersion = 10.0.40219.1
Project("{9A19103F-16F7-4668-BE54-9A1E7A4F7556}") = "PrintLimiterApi", "PrintLimiterApi\PrintLimiterApi.csproj", "{83FF6AF9-7CA9-4157-A0C7-7F530DE3E5E4}"
EndProject
Project("{9A19103F-16F7-4668-BE54-9A1E7A4F7556}") = "WinPrintLimiter", "WinPrintLimiter\WinPrintLimiter.csproj", "{3FA8FBA2-1A92-4A61-A0F4-968D77332A06}"
EndProject
Project("{9A19103F-16F7-4668-BE54-9A1E7A4F7556}") = "WinPrintLimiterInstaller", "WinPrintLimiterInstaller\WinPrintLimiterInstaller.csproj", "{0F280221-97FE-416F-9397-FE9C82125425}"
EndProject
Project("{FAE04EC0-301F-11D3-BF4B-00C04F79EFBC}") = "WinPrintLimiterService", "WinPrintLimiterService\WinPrintLimiterService.csproj", "{AD421F2F-12DF-4FD3-9E95-6A32E7732E51}"
EndProject
Project("{9A19103F-16F7-4668-BE54-9A1E7A4F7556}") = "WinPrintLimiterWatchdog", "WinPrintLimiterWatchdog\WinPrintLimiterWatchdog.csproj", "{667B0E0F-469D-4098-A5D3-B178D9444005}"
EndProject
Project("{8BC9CEB8-8B4A-11D0-8D11-00A0C91BC942}") = "OxpsPrintWrapper", "OxpsPrintWrapper\OxpsPrintWrapper.vcxproj", "{2B38D9A7-55A0-4835-BAF0-40C15273AD75}"
EndProject
Global
	GlobalSection(SolutionConfigurationPlatforms) = preSolution
		Debug|Any CPU = Debug|Any CPU
		Debug|x64 = Debug|x64
		Debug|x86 = Debug|x86
		Release|Any CPU = Release|Any CPU
		Release|x64 = Release|x64
		Release|x86 = Release|x86
	EndGlobalSection
	GlobalSection(ProjectConfigurationPlatforms) = postSolution
		{83FF6AF9-7CA9-4157-A0C7-7F530DE3E5E4}.Debug|Any CPU.ActiveCfg = Debug|Any CPU
		{83FF6AF9-7CA9-4157-A0C7-7F530DE3E5E4}.Debug|Any CPU.Build.0 = Debug|Any CPU
		{83FF6AF9-7CA9-4157-A0C7-7F530DE3E5E4}.Debug|x64.ActiveCfg = Debug|Any CPU
		{83FF6AF9-7CA9-4157-A0C7-7F530DE3E5E4}.Debug|x64.Build.0 = Debug|Any CPU
		{83FF6AF9-7CA9-4157-A0C7-7F530DE3E5E4}.Debug|x86.ActiveCfg = Debug|Any CPU
		{83FF6AF9-7CA9-4157-A0C7-7F530DE3E5E4}.Debug|x86.Build.0 = Debug|Any CPU
		{83FF6AF9-7CA9-4157-A0C7-7F530DE3E5E4}.Release|Any CPU.ActiveCfg = Release|Any CPU
		{83FF6AF9-7CA9-4157-A0C7-7F530DE3E5E4}.Release|Any CPU.Build.0 = Release|Any CPU
		{83FF6AF9-7CA9-4157-A0C7-7F530DE3E5E4}.Release|x64.ActiveCfg = Release|Any CPU
		{83FF6AF9-7CA9-4157-A0C7-7F530DE3E5E4}.Release|x64.Build.0 = Release|Any CPU
		{83FF6AF9-7CA9-4157-A0C7-7F530DE3E5E4}.Release|x86.ActiveCfg = Release|Any CPU
		{83FF6AF9-7CA9-4157-A0C7-7F530DE3E5E4}.Release|x86.Build.0 = Release|Any CPU
		{3FA8FBA2-1A92-4A61-A0F4-968D77332A06}.Debug|Any CPU.ActiveCfg = Debug|Any CPU
		{3FA8FBA2-1A92-4A61-A0F4-968D77332A06}.Debug|Any CPU.Build.0 = Debug|Any CPU
		{3FA8FBA2-1A92-4A61-A0F4-968D77332A06}.Debug|x64.ActiveCfg = Debug|Any CPU
		{3FA8FBA2-1A92-4A61-A0F4-968D77332A06}.Debug|x64.Build.0 = Debug|Any CPU
		{3FA8FBA2-1A92-4A61-A0F4-968D77332A06}.Debug|x86.ActiveCfg = Debug|Any CPU
		{3FA8FBA2-1A92-4A61-A0F4-968D77332A06}.Debug|x86.Build.0 = Debug|Any CPU
		{3FA8FBA2-1A92-4A61-A0F4-968D77332A06}.Release|Any CPU.ActiveCfg = Release|Any CPU
		{3FA8FBA2-1A92-4A61-A0F4-968D77332A06}.Release|Any CPU.Build.0 = Release|Any CPU
		{3FA8FBA2-1A92-4A61-A0F4-968D77332A06}.Release|x64.ActiveCfg = Release|Any CPU
		{3FA8FBA2-1A92-4A61-A0F4-968D77332A06}.Release|x64.Build.0 = Release|Any CPU
		{3FA8FBA2-1A92-4A61-A0F4-968D77332A06}.Release|x86.ActiveCfg = Release|Any CPU
		{3FA8FBA2-1A92-4A61-A0F4-968D77332A06}.Release|x86.Build.0 = Release|Any CPU
		{0F280221-97FE-416F-9397-FE9C82125425}.Debug|Any CPU.ActiveCfg = Debug|Any CPU
		{0F280221-97FE-416F-9397-FE9C82125425}.Debug|Any CPU.Build.0 = Debug|Any CPU
		{0F280221-97FE-416F-9397-FE9C82125425}.Debug|x64.ActiveCfg = Debug|Any CPU
		{0F280221-97FE-416F-9397-FE9C82125425}.Debug|x64.Build.0 = Debug|Any CPU
		{0F280221-97FE-416F-9397-FE9C82125425}.Debug|x86.ActiveCfg = Debug|Any CPU
		{0F280221-97FE-416F-9397-FE9C82125425}.Debug|x86.Build.0 = Debug|Any CPU
		{0F280221-97FE-416F-9397-FE9C82125425}.Release|Any CPU.ActiveCfg = Release|Any CPU
		{0F280221-97FE-416F-9397-FE9C82125425}.Release|Any CPU.Build.0 = Release|Any CPU
		{0F280221-97FE-416F-9397-FE9C82125425}.Release|x64.ActiveCfg = Release|Any CPU
		{0F280221-97FE-416F-9397-FE9C82125425}.Release|x64.Build.0 = Release|Any CPU
		{0F280221-97FE-416F-9397-FE9C82125425}.Release|x86.ActiveCfg = Release|Any CPU
		{0F280221-97FE-416F-9397-FE9C82125425}.Release|x86.Build.0 = Release|Any CPU
		{AD421F2F-12DF-4FD3-9E95-6A32E7732E51}.Debug|Any CPU.ActiveCfg = Debug|Any CPU
		{AD421F2F-12DF-4FD3-9E95-6A32E7732E51}.Debug|Any CPU.Build.0 = Debug|Any CPU
		{AD421F2F-12DF-4FD3-9E95-6A32E7732E51}.Debug|x64.ActiveCfg = Debug|Any CPU
		{AD421F2F-12DF-4FD3-9E95-6A32E7732E51}.Debug|x64.Build.0 = Debug|Any CPU
		{AD421F2F-12DF-4FD3-9E95-6A32E7732E51}.Debug|x86.ActiveCfg = Debug|Any CPU
		{AD421F2F-12DF-4FD3-9E95-6A32E7732E51}.Debug|x86.Build.0 = Debug|Any CPU
		{AD421F2F-12DF-4FD3-9E95-6A32E7732E51}.Release|Any CPU.ActiveCfg = Release|Any CPU
		{AD421F2F-12DF-4FD3-9E95-6A32E7732E51}.Release|Any CPU.Build.0 = Release|Any CPU
		{AD421F2F-12DF-4FD3-9E95-6A32E7732E51}.Release|x64.ActiveCfg = Release|Any CPU
		{AD421F2F-12DF-4FD3-9E95-6A32E7732E51}.Release|x64.Build.0 = Release|Any CPU
		{AD421F2F-12DF-4FD3-9E95-6A32E7732E51}.Release|x86.ActiveCfg = Release|Any CPU
		{AD421F2F-12DF-4FD3-9E95-6A32E7732E51}.Release|x86.Build.0 = Release|Any CPU
		{667B0E0F-469D-4098-A5D3-B178D9444005}.Debug|Any CPU.ActiveCfg = Debug|Any CPU
		{667B0E0F-469D-4098-A5D3-B178D9444005}.Debug|Any CPU.Build.0 = Debug|Any CPU
		{667B0E0F-469D-4098-A5D3-B178D9444005}.Debug|x64.ActiveCfg = Debug|x64
		{667B0E0F-469D-4098-A5D3-B178D9444005}.Debug|x64.Build.0 = Debug|x64
		{667B0E0F-469D-4098-A5D3-B178D9444005}.Debug|x86.ActiveCfg = Debug|Any CPU
		{667B0E0F-469D-4098-A5D3-B178D9444005}.Debug|x86.Build.0 = Debug|Any CPU
		{667B0E0F-469D-4098-A5D3-B178D9444005}.Release|Any CPU.ActiveCfg = Release|Any CPU
		{667B0E0F-469D-4098-A5D3-B178D9444005}.Release|Any CPU.Build.0 = Release|Any CPU
		{667B0E0F-469D-4098-A5D3-B178D9444005}.Release|x64.ActiveCfg = Release|x64
		{667B0E0F-469D-4098-A5D3-B178D9444005}.Release|x64.Build.0 = Release|x64
		{667B0E0F-469D-4098-A5D3-B178D9444005}.Release|x86.ActiveCfg = Release|Any CPU
		{667B0E0F-469D-4098-A5D3-B178D9444005}.Release|x86.Build.0 = Release|Any CPU
		{2B38D9A7-55A0-4835-BAF0-40C15273AD75}.Debug|Any CPU.ActiveCfg = Debug|x64
		{2B38D9A7-55A0-4835-BAF0-40C15273AD75}.Debug|Any CPU.Build.0 = Debug|x64
		{2B38D9A7-55A0-4835-BAF0-40C15273AD75}.Debug|x64.ActiveCfg = Debug|x64
		{2B38D9A7-55A0-4835-BAF0-40C15273AD75}.Debug|x64.Build.0 = Debug|x64
		{2B38D9A7-55A0-4835-BAF0-40C15273AD75}.Debug|x86.ActiveCfg = Debug|Win32
		{2B38D9A7-55A0-4835-BAF0-40C15273AD75}.Debug|x86.Build.0 = Debug|Win32
		{2B38D9A7-55A0-4835-BAF0-40C15273AD75}.Release|Any CPU.ActiveCfg = Release|x64
		{2B38D9A7-55A0-4835-BAF0-40C15273AD75}.Release|Any CPU.Build.0 = Release|x64
		{2B38D9A7-55A0-4835-BAF0-40C15273AD75}.Release|x64.ActiveCfg = Release|x64
		{2B38D9A7-55A0-4835-BAF0-40C15273AD75}.Release|x64.Build.0 = Release|x64
		{2B38D9A7-55A0-4835-BAF0-40C15273AD75}.Release|x86.ActiveCfg = Release|Win32
		{2B38D9A7-55A0-4835-BAF0-40C15273AD75}.Release|x86.Build.0 = Release|Win32
	EndGlobalSection
	GlobalSection(SolutionProperties) = preSolution
		HideSolutionNode = FALSE
	EndGlobalSection
	GlobalSection(ExtensibilityGlobals) = postSolution
		SolutionGuid = {B8E58488-93AA-4B29-AAFB-6EDB6E1C10A7}
	EndGlobalSection
EndGlobal
